
Microsoft Visual Studio Solution File, Format Version 12.00
# Visual Studio 15
VisualStudioVersion = 15.0.28307.438
MinimumVisualStudioVersion = 10.0.40219.1
Project("{FAE04EC0-301F-11D3-BF4B-00C04F79EFBC}") = "ExampleApp", "ExampleApp\ExampleApp.csproj", "{F4E8AF35-95E3-4210-8BA5-91D6F25B54CF}"
EndProject
Project("{2150E333-8FDC-42A3-9474-1A3956D46DE8}") = "Solution Items", "Solution Items", "{FBFAC942-252B-4F38-94C7-7089507041D7}"
	ProjectSection(SolutionItems) = preProject
		.editorconfig = .editorconfig
		.gitattributes = .gitattributes
		.gitignore = .gitignore
		LICENSE = LICENSE
		NuGet.config = NuGet.config
		README.md = README.md
	EndProjectSection
EndProject
Global
	GlobalSection(SolutionConfigurationPlatforms) = preSolution
		Debug|Any CPU = Debug|Any CPU
		Release|Any CPU = Release|Any CPU
	EndGlobalSection
	GlobalSection(ProjectConfigurationPlatforms) = postSolution
		{F4E8AF35-95E3-4210-8BA5-91D6F25B54CF}.Debug|Any CPU.ActiveCfg = Debug|Any CPU
		{F4E8AF35-95E3-4210-8BA5-91D6F25B54CF}.Debug|Any CPU.Build.0 = Debug|Any CPU
		{F4E8AF35-95E3-4210-8BA5-91D6F25B54CF}.Release|Any CPU.ActiveCfg = Release|Any CPU
		{F4E8AF35-95E3-4210-8BA5-91D6F25B54CF}.Release|Any CPU.Build.0 = Release|Any CPU
	EndGlobalSection
	GlobalSection(SolutionProperties) = preSolution
		HideSolutionNode = FALSE
	EndGlobalSection
	GlobalSection(ExtensibilityGlobals) = postSolution
		SolutionGuid = {071699A6-B22E-4BA8-BF8D-3A476931D3CA}
	EndGlobalSection
EndGlobal
